// !$*UTF8*$!
{
	archiveVersion = 1;
	classes = {
	};
	objectVersion = 77;
	objects = {

/* Begin PBXContainerItemProxy section */
		FB33349F2CFF810800C14302 /* PBXContainerItemProxy */ = {
			isa = PBXContainerItemProxy;
			containerPortal = FB3334802CFF810600C14302 /* Project object */;
			proxyType = 1;
			remoteGlobalIDString = FB3334872CFF810600C14302;
			remoteInfo = ProjectCS23;
		};
		FB3334A92CFF810800C14302 /* PBXContainerItemProxy */ = {
			isa = PBXContainerItemProxy;
			containerPortal = FB3334802CFF810600C14302 /* Project object */;
			proxyType = 1;
			remoteGlobalIDString = FB3334872CFF810600C14302;
			remoteInfo = ProjectCS23;
		};
/* End PBXContainerItemProxy section */

/* Begin PBXFileReference section */
		FB3334882CFF810600C14302 /* ProjectCS23.app */ = {isa = PBXFileReference; explicitFileType = wrapper.application; includeInIndex = 0; path = ProjectCS23.app; sourceTree = BUILT_PRODUCTS_DIR; };
		FB33349E2CFF810800C14302 /* ProjectCS23Tests.xctest */ = {isa = PBXFileReference; explicitFileType = wrapper.cfbundle; includeInIndex = 0; path = ProjectCS23Tests.xctest; sourceTree = BUILT_PRODUCTS_DIR; };
		FB3334A82CFF810800C14302 /* ProjectCS23UITests.xctest */ = {isa = PBXFileReference; explicitFileType = wrapper.cfbundle; includeInIndex = 0; path = ProjectCS23UITests.xctest; sourceTree = BUILT_PRODUCTS_DIR; };
/* End PBXFileReference section */

/* Begin PBXFileSystemSynchronizedBuildFileExceptionSet section */
		FB3334B02CFF810800C14302 /* Exceptions for "ProjectCS23" folder in "ProjectCS23" target */ = {
			isa = PBXFileSystemSynchronizedBuildFileExceptionSet;
			membershipExceptions = (
				Info.plist,
			);
			target = FB3334872CFF810600C14302 /* ProjectCS23 */;
		};
/* End PBXFileSystemSynchronizedBuildFileExceptionSet section */

/* Begin PBXFileSystemSynchronizedRootGroup section */
		FB33348A2CFF810600C14302 /* ProjectCS23 */ = {
			isa = PBXFileSystemSynchronizedRootGroup;
			exceptions = (
				FB3334B02CFF810800C14302 /* Exceptions for "ProjectCS23" folder in "ProjectCS23" target */,
			);
			path = ProjectCS23;
			sourceTree = "<group>";
		};
		FB3334A12CFF810800C14302 /* ProjectCS23Tests */ = {
			isa = PBXFileSystemSynchronizedRootGroup;
			path = ProjectCS23Tests;
			sourceTree = "<group>";
		};
		FB3334AB2CFF810800C14302 /* ProjectCS23UITests */ = {
			isa = PBXFileSystemSynchronizedRootGroup;
			path = ProjectCS23UITests;
			sourceTree = "<group>";
		};
/* End PBXFileSystemSynchronizedRootGroup section */

/* Begin PBXFrameworksBuildPhase section */
		FB3334852CFF810600C14302 /* Frameworks */ = {
			isa = PBXFrameworksBuildPhase;
			buildActionMask = 2147483647;
			files = (
			);
			runOnlyForDeploymentPostprocessing = 0;
		};
		FB33349B2CFF810800C14302 /* Frameworks */ = {
			isa = PBXFrameworksBuildPhase;
			buildActionMask = 2147483647;
			files = (
			);
			runOnlyForDeploymentPostprocessing = 0;
		};
		FB3334A52CFF810800C14302 /* Frameworks */ = {
			isa = PBXFrameworksBuildPhase;
			buildActionMask = 2147483647;
			files = (
			);
			runOnlyForDeploymentPostprocessing = 0;
		};
/* End PBXFrameworksBuildPhase section */

/* Begin PBXGroup section */
		FB33347F2CFF810600C14302 = {
			isa = PBXGroup;
			children = (
				FB33348A2CFF810600C14302 /* ProjectCS23 */,
				FB3334A12CFF810800C14302 /* ProjectCS23Tests */,
				FB3334AB2CFF810800C14302 /* ProjectCS23UITests */,
				FB3334892CFF810600C14302 /* Products */,
			);
			sourceTree = "<group>";
		};
		FB3334892CFF810600C14302 /* Products */ = {
			isa = PBXGroup;
			children = (
				FB3334882CFF810600C14302 /* ProjectCS23.app */,
				FB33349E2CFF810800C14302 /* ProjectCS23Tests.xctest */,
				FB3334A82CFF810800C14302 /* ProjectCS23UITests.xctest */,
			);
			name = Products;
			sourceTree = "<group>";
		};
/* End PBXGroup section */

/* Begin PBXNativeTarget section */
		FB3334872CFF810600C14302 /* ProjectCS23 */ = {
			isa = PBXNativeTarget;
			buildConfigurationList = FB3334B12CFF810800C14302 /* Build configuration list for PBXNativeTarget "ProjectCS23" */;
			buildPhases = (
				FB3334842CFF810600C14302 /* Sources */,
				FB3334852CFF810600C14302 /* Frameworks */,
				FB3334862CFF810600C14302 /* Resources */,
			);
			buildRules = (
			);
			dependencies = (
			);
			fileSystemSynchronizedGroups = (
				FB33348A2CFF810600C14302 /* ProjectCS23 */,
			);
			name = ProjectCS23;
			packageProductDependencies = (
			);
			productName = ProjectCS23;
			productReference = FB3334882CFF810600C14302 /* ProjectCS23.app */;
			productType = "com.apple.product-type.application";
		};
		FB33349D2CFF810800C14302 /* ProjectCS23Tests */ = {
			isa = PBXNativeTarget;
			buildConfigurationList = FB3334B62CFF810800C14302 /* Build configuration list for PBXNativeTarget "ProjectCS23Tests" */;
			buildPhases = (
				FB33349A2CFF810800C14302 /* Sources */,
				FB33349B2CFF810800C14302 /* Frameworks */,
				FB33349C2CFF810800C14302 /* Resources */,
			);
			buildRules = (
			);
			dependencies = (
				FB3334A02CFF810800C14302 /* PBXTargetDependency */,
			);
			fileSystemSynchronizedGroups = (
				FB3334A12CFF810800C14302 /* ProjectCS23Tests */,
			);
			name = ProjectCS23Tests;
			packageProductDependencies = (
			);
			productName = ProjectCS23Tests;
			productReference = FB33349E2CFF810800C14302 /* ProjectCS23Tests.xctest */;
			productType = "com.apple.product-type.bundle.unit-test";
		};
		FB3334A72CFF810800C14302 /* ProjectCS23UITests */ = {
			isa = PBXNativeTarget;
			buildConfigurationList = FB3334B92CFF810800C14302 /* Build configuration list for PBXNativeTarget "ProjectCS23UITests" */;
			buildPhases = (
				FB3334A42CFF810800C14302 /* Sources */,
				FB3334A52CFF810800C14302 /* Frameworks */,
				FB3334A62CFF810800C14302 /* Resources */,
			);
			buildRules = (
			);
			dependencies = (
				FB3334AA2CFF810800C14302 /* PBXTargetDependency */,
			);
			fileSystemSynchronizedGroups = (
				FB3334AB2CFF810800C14302 /* ProjectCS23UITests */,
			);
			name = ProjectCS23UITests;
			packageProductDependencies = (
			);
			productName = ProjectCS23UITests;
			productReference = FB3334A82CFF810800C14302 /* ProjectCS23UITests.xctest */;
			productType = "com.apple.product-type.bundle.ui-testing";
		};
/* End PBXNativeTarget section */

/* Begin PBXProject section */
		FB3334802CFF810600C14302 /* Project object */ = {
			isa = PBXProject;
			attributes = {
				BuildIndependentTargetsInParallel = 1;
				LastSwiftUpdateCheck = 1610;
				LastUpgradeCheck = 1610;
				TargetAttributes = {
					FB3334872CFF810600C14302 = {
						CreatedOnToolsVersion = 16.1;
					};
					FB33349D2CFF810800C14302 = {
						CreatedOnToolsVersion = 16.1;
						TestTargetID = FB3334872CFF810600C14302;
					};
					FB3334A72CFF810800C14302 = {
						CreatedOnToolsVersion = 16.1;
						TestTargetID = FB3334872CFF810600C14302;
					};
				};
			};
			buildConfigurationList = FB3334832CFF810600C14302 /* Build configuration list for PBXProject "ProjectCS23" */;
			developmentRegion = en;
			hasScannedForEncodings = 0;
			knownRegions = (
				en,
				Base,
			);
			mainGroup = FB33347F2CFF810600C14302;
			minimizedProjectReferenceProxies = 1;
			preferredProjectObjectVersion = 77;
			productRefGroup = FB3334892CFF810600C14302 /* Products */;
			projectDirPath = "";
			projectRoot = "";
			targets = (
				FB3334872CFF810600C14302 /* ProjectCS23 */,
				FB33349D2CFF810800C14302 /* ProjectCS23Tests */,
				FB3334A72CFF810800C14302 /* ProjectCS23UITests */,
			);
		};
/* End PBXProject section */

/* Begin PBXResourcesBuildPhase section */
		FB3334862CFF810600C14302 /* Resources */ = {
			isa = PBXResourcesBuildPhase;
			buildActionMask = 2147483647;
			files = (
			);
			runOnlyForDeploymentPostprocessing = 0;
		};
		FB33349C2CFF810800C14302 /* Resources */ = {
			isa = PBXResourcesBuildPhase;
			buildActionMask = 2147483647;
			files = (
			);
			runOnlyForDeploymentPostprocessing = 0;
		};
		FB3334A62CFF810800C14302 /* Resources */ = {
			isa = PBXResourcesBuildPhase;
			buildActionMask = 2147483647;
			files = (
			);
			runOnlyForDeploymentPostprocessing = 0;
		};
/* End PBXResourcesBuildPhase section */

/* Begin PBXSourcesBuildPhase section */
		FB3334842CFF810600C14302 /* Sources */ = {
			isa = PBXSourcesBuildPhase;
			buildActionMask = 2147483647;
			files = (
			);
			runOnlyForDeploymentPostprocessing = 0;
		};
		FB33349A2CFF810800C14302 /* Sources */ = {
			isa = PBXSourcesBuildPhase;
			buildActionMask = 2147483647;
			files = (
			);
			runOnlyForDeploymentPostprocessing = 0;
		};
		FB3334A42CFF810800C14302 /* Sources */ = {
			isa = PBXSourcesBuildPhase;
			buildActionMask = 2147483647;
			files = (
			);
			runOnlyForDeploymentPostprocessing = 0;
		};
/* End PBXSourcesBuildPhase section */

/* Begin PBXTargetDependency section */
		FB3334A02CFF810800C14302 /* PBXTargetDependency */ = {
			isa = PBXTargetDependency;
			target = FB3334872CFF810600C14302 /* ProjectCS23 */;
			targetProxy = FB33349F2CFF810800C14302 /* PBXContainerItemProxy */;
		};
		FB3334AA2CFF810800C14302 /* PBXTargetDependency */ = {
			isa = PBXTargetDependency;
			target = FB3334872CFF810600C14302 /* ProjectCS23 */;
			targetProxy = FB3334A92CFF810800C14302 /* PBXContainerItemProxy */;
		};
/* End PBXTargetDependency section */

/* Begin XCBuildConfiguration section */
		FB3334B22CFF810800C14302 /* Debug */ = {
			isa = XCBuildConfiguration;
			buildSettings = {
				ASSETCATALOG_COMPILER_APPICON_NAME = AppIcon;
				ASSETCATALOG_COMPILER_GLOBAL_ACCENT_COLOR_NAME = AccentColor;
				CODE_SIGN_STYLE = Automatic;
				CURRENT_PROJECT_VERSION = 1;
				GENERATE_INFOPLIST_FILE = YES;
				INFOPLIST_FILE = ProjectCS23/Info.plist;
				INFOPLIST_KEY_UIApplicationSupportsIndirectInputEvents = YES;
				INFOPLIST_KEY_UILaunchStoryboardName = LaunchScreen;
				INFOPLIST_KEY_UIMainStoryboardFile = Main;
				INFOPLIST_KEY_UISupportedInterfaceOrientations_iPad = "UIInterfaceOrientationPortrait UIInterfaceOrientationPortraitUpsideDown UIInterfaceOrientationLandscapeLeft UIInterfaceOrientationLandscapeRight";
				INFOPLIST_KEY_UISupportedInterfaceOrientations_iPhone = "UIInterfaceOrientationPortrait UIInterfaceOrientationLandscapeLeft UIInterfaceOrientationLandscapeRight";
				LD_RUNPATH_SEARCH_PATHS = (
					"$(inherited)",
					"@executable_path/Frameworks",
				);
				MARKETING_VERSION = 1.0;
				PRODUCT_BUNDLE_IDENTIFIER = com.melsov.ProjectCS23;
				PRODUCT_NAME = "$(TARGET_NAME)";
				SWIFT_EMIT_LOC_STRINGS = YES;
				SWIFT_VERSION = 5.0;
				TARGETED_DEVICE_FAMILY = "1,2";
			};
			name = Debug;
		};
		FB3334B32CFF810800C14302 /* Release */ = {
			isa = XCBuildConfiguration;
			buildSettings = {
				ASSETCATALOG_COMPILER_APPICON_NAME = AppIcon;
				ASSETCATALOG_COMPILER_GLOBAL_ACCENT_COLOR_NAME = AccentColor;
				CODE_SIGN_STYLE = Automatic;
				CURRENT_PROJECT_VERSION = 1;
				GENERATE_INFOPLIST_FILE = YES;
				INFOPLIST_FILE = ProjectCS23/Info.plist;
				INFOPLIST_KEY_UIApplicationSupportsIndirectInputEvents = YES;
				INFOPLIST_KEY_UILaunchStoryboardName = LaunchScreen;
				INFOPLIST_KEY_UIMainStoryboardFile = Main;
				INFOPLIST_KEY_UISupportedInterfaceOrientations_iPad = "UIInterfaceOrientationPortrait UIInterfaceOrientationPortraitUpsideDown UIInterfaceOrientationLandscapeLeft UIInterfaceOrientationLandscapeRight";
				INFOPLIST_KEY_UISupportedInterfaceOrientations_iPhone = "UIInterfaceOrientationPortrait UIInterfaceOrientationLandscapeLeft UIInterfaceOrientationLandscapeRight";
				LD_RUNPATH_SEARCH_PATHS = (
					"$(inherited)",
					"@executable_path/Frameworks",
				);
				MARKETING_VERSION = 1.0;
				PRODUCT_BUNDLE_IDENTIFIER = com.melsov.ProjectCS23;
				PRODUCT_NAME = "$(TARGET_NAME)";
				SWIFT_EMIT_LOC_STRINGS = YES;
				SWIFT_VERSION = 5.0;
				TARGETED_DEVICE_FAMILY = "1,2";
			};
			name = Release;
		};
		FB3334B42CFF810800C14302 /* Debug */ = {
			isa = XCBuildConfiguration;
			buildSettings = {
				ALWAYS_SEARCH_USER_PATHS = NO;
				ASSETCATALOG_COMPILER_GENERATE_SWIFT_ASSET_SYMBOL_EXTENSIONS = YES;
				CLANG_ANALYZER_NONNULL = YES;
				CLANG_ANALYZER_NUMBER_OBJECT_CONVERSION = YES_AGGRESSIVE;
				CLANG_CXX_LANGUAGE_STANDARD = "gnu++20";
				CLANG_ENABLE_MODULES = YES;
				CLANG_ENABLE_OBJC_ARC = YES;
				CLANG_ENABLE_OBJC_WEAK = YES;
				CLANG_WARN_BLOCK_CAPTURE_AUTORELEASING = YES;
				CLANG_WARN_BOOL_CONVERSION = YES;
				CLANG_WARN_COMMA = YES;
				CLANG_WARN_CONSTANT_CONVERSION = YES;
				CLANG_WARN_DEPRECATED_OBJC_IMPLEMENTATIONS = YES;
				CLANG_WARN_DIRECT_OBJC_ISA_USAGE = YES_ERROR;
				CLANG_WARN_DOCUMENTATION_COMMENTS = YES;
				CLANG_WARN_EMPTY_BODY = YES;
				CLANG_WARN_ENUM_CONVERSION = YES;
				CLANG_WARN_INFINITE_RECURSION = YES;
				CLANG_WARN_INT_CONVERSION = YES;
				CLANG_WARN_NON_LITERAL_NULL_CONVERSION = YES;
				CLANG_WARN_OBJC_IMPLICIT_RETAIN_SELF = YES;
				CLANG_WARN_OBJC_LITERAL_CONVERSION = YES;
				CLANG_WARN_OBJC_ROOT_CLASS = YES_ERROR;
				CLANG_WARN_QUOTED_INCLUDE_IN_FRAMEWORK_HEADER = YES;
				CLANG_WARN_RANGE_LOOP_ANALYSIS = YES;
				CLANG_WARN_STRICT_PROTOTYPES = YES;
				CLANG_WARN_SUSPICIOUS_MOVE = YES;
				CLANG_WARN_UNGUARDED_AVAILABILITY = YES_AGGRESSIVE;
				CLANG_WARN_UNREACHABLE_CODE = YES;
				CLANG_WARN__DUPLICATE_METHOD_MATCH = YES;
				COPY_PHASE_STRIP = NO;
				DEBUG_INFORMATION_FORMAT = dwarf;
				ENABLE_STRICT_OBJC_MSGSEND = YES;
				ENABLE_TESTABILITY = YES;
				ENABLE_USER_SCRIPT_SANDBOXING = YES;
				GCC_C_LANGUAGE_STANDARD = gnu17;
				GCC_DYNAMIC_NO_PIC = NO;
				GCC_NO_COMMON_BLOCKS = YES;
				GCC_OPTIMIZATION_LEVEL = 0;
				GCC_PREPROCESSOR_DEFINITIONS = (
					"DEBUG=1",
					"$(inherited)",
				);
				GCC_WARN_64_TO_32_BIT_CONVERSION = YES;
				GCC_WARN_ABOUT_RETURN_TYPE = YES_ERROR;
				GCC_WARN_UNDECLARED_SELECTOR = YES;
				GCC_WARN_UNINITIALIZED_AUTOS = YES_AGGRESSIVE;
				GCC_WARN_UNUSED_FUNCTION = YES;
				GCC_WARN_UNUSED_VARIABLE = YES;
				IPHONEOS_DEPLOYMENT_TARGET = 18.1;
				LOCALIZATION_PREFERS_STRING_CATALOGS = YES;
				MTL_ENABLE_DEBUG_INFO = INCLUDE_SOURCE;
				MTL_FAST_MATH = YES;
				ONLY_ACTIVE_ARCH = YES;
				SDKROOT = iphoneos;
				SWIFT_ACTIVE_COMPILATION_CONDITIONS = "DEBUG $(inherited)";
				SWIFT_OPTIMIZATION_LEVEL = "-Onone";
			};
			name = Debug;
		};
		FB3334B52CFF810800C14302 /* Release */ = {
			isa = XCBuildConfiguration;
			buildSettings = {
				ALWAYS_SEARCH_USER_PATHS = NO;
				ASSETCATALOG_COMPILER_GENERATE_SWIFT_ASSET_SYMBOL_EXTENSIONS = YES;
				CLANG_ANALYZER_NONNULL = YES;
				CLANG_ANALYZER_NUMBER_OBJECT_CONVERSION = YES_AGGRESSIVE;
				CLANG_CXX_LANGUAGE_STANDARD = "gnu++20";
				CLANG_ENABLE_MODULES = YES;
				CLANG_ENABLE_OBJC_ARC = YES;
				CLANG_ENABLE_OBJC_WEAK = YES;
				CLANG_WARN_BLOCK_CAPTURE_AUTORELEASING = YES;
				CLANG_WARN_BOOL_CONVERSION = YES;
				CLANG_WARN_COMMA = YES;
				CLANG_WARN_CONSTANT_CONVERSION = YES;
				CLANG_WARN_DEPRECATED_OBJC_IMPLEMENTATIONS = YES;
				CLANG_WARN_DIRECT_OBJC_ISA_USAGE = YES_ERROR;
				CLANG_WARN_DOCUMENTATION_COMMENTS = YES;
				CLANG_WARN_EMPTY_BODY = YES;
				CLANG_WARN_ENUM_CONVERSION = YES;
				CLANG_WARN_INFINITE_RECURSION = YES;
				CLANG_WARN_INT_CONVERSION = YES;
				CLANG_WARN_NON_LITERAL_NULL_CONVERSION = YES;
				CLANG_WARN_OBJC_IMPLICIT_RETAIN_SELF = YES;
				CLANG_WARN_OBJC_LITERAL_CONVERSION = YES;
				CLANG_WARN_OBJC_ROOT_CLASS = YES_ERROR;
				CLANG_WARN_QUOTED_INCLUDE_IN_FRAMEWORK_HEADER = YES;
				CLANG_WARN_RANGE_LOOP_ANALYSIS = YES;
				CLANG_WARN_STRICT_PROTOTYPES = YES;
				CLANG_WARN_SUSPICIOUS_MOVE = YES;
				CLANG_WARN_UNGUARDED_AVAILABILITY = YES_AGGRESSIVE;
				CLANG_WARN_UNREACHABLE_CODE = YES;
				CLANG_WARN__DUPLICATE_METHOD_MATCH = YES;
				COPY_PHASE_STRIP = NO;
				DEBUG_INFORMATION_FORMAT = "dwarf-with-dsym";
				ENABLE_NS_ASSERTIONS = NO;
				ENABLE_STRICT_OBJC_MSGSEND = YES;
				ENABLE_USER_SCRIPT_SANDBOXING = YES;
				GCC_C_LANGUAGE_STANDARD = gnu17;
				GCC_NO_COMMON_BLOCKS = YES;
				GCC_WARN_64_TO_32_BIT_CONVERSION = YES;
				GCC_WARN_ABOUT_RETURN_TYPE = YES_ERROR;
				GCC_WARN_UNDECLARED_SELECTOR = YES;
				GCC_WARN_UNINITIALIZED_AUTOS = YES_AGGRESSIVE;
				GCC_WARN_UNUSED_FUNCTION = YES;
				GCC_WARN_UNUSED_VARIABLE = YES;
				IPHONEOS_DEPLOYMENT_TARGET = 18.1;
				LOCALIZATION_PREFERS_STRING_CATALOGS = YES;
				MTL_ENABLE_DEBUG_INFO = NO;
				MTL_FAST_MATH = YES;
				SDKROOT = iphoneos;
				SWIFT_COMPILATION_MODE = wholemodule;
				VALIDATE_PRODUCT = YES;
			};
			name = Release;
		};
		FB3334B72CFF810800C14302 /* Debug */ = {
			isa = XCBuildConfiguration;
			buildSettings = {
				BUNDLE_LOADER = "$(TEST_HOST)";
				CODE_SIGN_STYLE = Automatic;
				CURRENT_PROJECT_VERSION = 1;
				GENERATE_INFOPLIST_FILE = YES;
				IPHONEOS_DEPLOYMENT_TARGET = 18.1;
				MARKETING_VERSION = 1.0;
				PRODUCT_BUNDLE_IDENTIFIER = com.melsov.ProjectCS23Tests;
				PRODUCT_NAME = "$(TARGET_NAME)";
				SWIFT_EMIT_LOC_STRINGS = NO;
				SWIFT_VERSION = 5.0;
				TARGETED_DEVICE_FAMILY = "1,2";
				TEST_HOST = "$(BUILT_PRODUCTS_DIR)/ProjectCS23.app/$(BUNDLE_EXECUTABLE_FOLDER_PATH)/ProjectCS23";
			};
			name = Debug;
		};
		FB3334B82CFF810800C14302 /* Release */ = {
			isa = XCBuildConfiguration;
			buildSettings = {
				BUNDLE_LOADER = "$(TEST_HOST)";
				CODE_SIGN_STYLE = Automatic;
				CURRENT_PROJECT_VERSION = 1;
				GENERATE_INFOPLIST_FILE = YES;
				IPHONEOS_DEPLOYMENT_TARGET = 18.1;
				MARKETING_VERSION = 1.0;
				PRODUCT_BUNDLE_IDENTIFIER = com.melsov.ProjectCS23Tests;
				PRODUCT_NAME = "$(TARGET_NAME)";
				SWIFT_EMIT_LOC_STRINGS = NO;
				SWIFT_VERSION = 5.0;
				TARGETED_DEVICE_FAMILY = "1,2";
				TEST_HOST = "$(BUILT_PRODUCTS_DIR)/ProjectCS23.app/$(BUNDLE_EXECUTABLE_FOLDER_PATH)/ProjectCS23";
			};
			name = Release;
		};
		FB3334BA2CFF810800C14302 /* Debug */ = {
			isa = XCBuildConfiguration;
			buildSettings = {
				CODE_SIGN_STYLE = Automatic;
				CURRENT_PROJECT_VERSION = 1;
				GENERATE_INFOPLIST_FILE = YES;
				MARKETING_VERSION = 1.0;
				PRODUCT_BUNDLE_IDENTIFIER = com.melsov.ProjectCS23UITests;
				PRODUCT_NAME = "$(TARGET_NAME)";
				SWIFT_EMIT_LOC_STRINGS = NO;
				SWIFT_VERSION = 5.0;
				TARGETED_DEVICE_FAMILY = "1,2";
				TEST_TARGET_NAME = ProjectCS23;
			};
			name = Debug;
		};
		FB3334BB2CFF810800C14302 /* Release */ = {
			isa = XCBuildConfiguration;
			buildSettings = {
				CODE_SIGN_STYLE = Automatic;
				CURRENT_PROJECT_VERSION = 1;
				GENERATE_INFOPLIST_FILE = YES;
				MARKETING_VERSION = 1.0;
				PRODUCT_BUNDLE_IDENTIFIER = com.melsov.ProjectCS23UITests;
				PRODUCT_NAME = "$(TARGET_NAME)";
				SWIFT_EMIT_LOC_STRINGS = NO;
				SWIFT_VERSION = 5.0;
				TARGETED_DEVICE_FAMILY = "1,2";
				TEST_TARGET_NAME = ProjectCS23;
			};
			name = Release;
		};
/* End XCBuildConfiguration section */

/* Begin XCConfigurationList section */
		FB3334832CFF810600C14302 /* Build configuration list for PBXProject "ProjectCS23" */ = {
			isa = XCConfigurationList;
			buildConfigurations = (
				FB3334B42CFF810800C14302 /* Debug */,
				FB3334B52CFF810800C14302 /* Release */,
			);
			defaultConfigurationIsVisible = 0;
			defaultConfigurationName = Release;
		};
		FB3334B12CFF810800C14302 /* Build configuration list for PBXNativeTarget "ProjectCS23" */ = {
			isa = XCConfigurationList;
			buildConfigurations = (
				FB3334B22CFF810800C14302 /* Debug */,
				FB3334B32CFF810800C14302 /* Release */,
			);
			defaultConfigurationIsVisible = 0;
			defaultConfigurationName = Release;
		};
		FB3334B62CFF810800C14302 /* Build configuration list for PBXNativeTarget "ProjectCS23Tests" */ = {
			isa = XCConfigurationList;
			buildConfigurations = (
				FB3334B72CFF810800C14302 /* Debug */,
				FB3334B82CFF810800C14302 /* Release */,
			);
			defaultConfigurationIsVisible = 0;
			defaultConfigurationName = Release;
		};
		FB3334B92CFF810800C14302 /* Build configuration list for PBXNativeTarget "ProjectCS23UITests" */ = {
			isa = XCConfigurationList;
			buildConfigurations = (
				FB3334BA2CFF810800C14302 /* Debug */,
				FB3334BB2CFF810800C14302 /* Release */,
			);
			defaultConfigurationIsVisible = 0;
			defaultConfigurationName = Release;
		};
/* End XCConfigurationList section */
	};
	rootObject = FB3334802CFF810600C14302 /* Project object */;
}
